[[package]]
name = "appdirs"
version = "1.4.4"
description = "A small Python module for determining appropriate platform-specific dirs, e.g. a \"user data dir\"."
category = "dev"
optional = false
python-versions = "*"

[[package]]
name = "attrs"
version = "20.3.0"
description = "Classes Without Boilerplate"
category = "main"
optional = false
python-versions = ">=2.7, !=3.0.*, !=3.1.*, !=3.2.*, !=3.3.*"

[package.extras]
dev = ["coverage[toml] (>=5.0.2)", "hypothesis", "pympler", "pytest (>=4.3.0)", "six", "zope.interface", "furo", "sphinx", "pre-commit"]
docs = ["furo", "sphinx", "zope.interface"]
tests = ["coverage[toml] (>=5.0.2)", "hypothesis", "pympler", "pytest (>=4.3.0)", "six", "zope.interface"]
tests_no_zope = ["coverage[toml] (>=5.0.2)", "hypothesis", "pympler", "pytest (>=4.3.0)", "six"]

[[package]]
name = "aws-cdk.assets"
version = "1.94.1"
description = "This module is deprecated. All types are now available under the core module"
category = "main"
optional = false
python-versions = ">=3.6"

[package.dependencies]
"aws-cdk.core" = "1.94.1"
"aws-cdk.cx-api" = "1.94.1"
constructs = ">=3.2.0,<4.0.0"
jsii = ">=1.24.0,<2.0.0"
publication = ">=0.0.3"

[[package]]
name = "aws-cdk.aws-applicationautoscaling"
version = "1.94.1"
description = "The CDK Construct Library for AWS::ApplicationAutoScaling"
category = "main"
optional = false
python-versions = ">=3.6"

[package.dependencies]
"aws-cdk.aws-autoscaling-common" = "1.94.1"
"aws-cdk.aws-cloudwatch" = "1.94.1"
"aws-cdk.aws-iam" = "1.94.1"
"aws-cdk.core" = "1.94.1"
constructs = ">=3.2.0,<4.0.0"
jsii = ">=1.24.0,<2.0.0"
publication = ">=0.0.3"

[[package]]
name = "aws-cdk.aws-autoscaling-common"
version = "1.94.1"
description = "Common implementation package for @aws-cdk/aws-autoscaling and @aws-cdk/aws-applicationautoscaling"
category = "main"
optional = false
python-versions = ">=3.6"

[package.dependencies]
"aws-cdk.aws-iam" = "1.94.1"
"aws-cdk.core" = "1.94.1"
constructs = ">=3.2.0,<4.0.0"
jsii = ">=1.24.0,<2.0.0"
publication = ">=0.0.3"

[[package]]
name = "aws-cdk.aws-certificatemanager"
version = "1.94.1"
description = "The CDK Construct Library for AWS::CertificateManager"
category = "main"
optional = false
python-versions = ">=3.6"

[package.dependencies]
"aws-cdk.aws-iam" = "1.94.1"
"aws-cdk.aws-lambda" = "1.94.1"
"aws-cdk.aws-route53" = "1.94.1"
"aws-cdk.core" = "1.94.1"
constructs = ">=3.2.0,<4.0.0"
jsii = ">=1.24.0,<2.0.0"
publication = ">=0.0.3"

[[package]]
name = "aws-cdk.aws-cloudformation"
version = "1.94.1"
description = "The CDK Construct Library for AWS::CloudFormation"
category = "main"
optional = false
python-versions = ">=3.6"

[package.dependencies]
"aws-cdk.aws-iam" = "1.94.1"
"aws-cdk.aws-lambda" = "1.94.1"
"aws-cdk.aws-s3" = "1.94.1"
"aws-cdk.aws-sns" = "1.94.1"
"aws-cdk.core" = "1.94.1"
"aws-cdk.cx-api" = "1.94.1"
constructs = ">=3.2.0,<4.0.0"
jsii = ">=1.24.0,<2.0.0"
publication = ">=0.0.3"

[[package]]
name = "aws-cdk.aws-cloudfront"
version = "1.94.1"
description = "The CDK Construct Library for AWS::CloudFront"
category = "main"
optional = false
python-versions = ">=3.6"

[package.dependencies]
"aws-cdk.aws-certificatemanager" = "1.94.1"
"aws-cdk.aws-cloudwatch" = "1.94.1"
"aws-cdk.aws-ec2" = "1.94.1"
"aws-cdk.aws-iam" = "1.94.1"
"aws-cdk.aws-kms" = "1.94.1"
"aws-cdk.aws-lambda" = "1.94.1"
"aws-cdk.aws-s3" = "1.94.1"
"aws-cdk.aws-ssm" = "1.94.1"
"aws-cdk.core" = "1.94.1"
constructs = ">=3.2.0,<4.0.0"
jsii = ">=1.24.0,<2.0.0"
publication = ">=0.0.3"

[[package]]
name = "aws-cdk.aws-cloudwatch"
version = "1.94.1"
description = "The CDK Construct Library for AWS::CloudWatch"
category = "main"
optional = false
python-versions = ">=3.6"

[package.dependencies]
"aws-cdk.aws-iam" = "1.94.1"
"aws-cdk.core" = "1.94.1"
constructs = ">=3.2.0,<4.0.0"
jsii = ">=1.24.0,<2.0.0"
publication = ">=0.0.3"

[[package]]
name = "aws-cdk.aws-codeguruprofiler"
version = "1.94.1"
description = "The CDK Construct Library for AWS::CodeGuruProfiler"
category = "main"
optional = false
python-versions = ">=3.6"

[package.dependencies]
"aws-cdk.aws-iam" = "1.94.1"
"aws-cdk.core" = "1.94.1"
constructs = ">=3.2.0,<4.0.0"
jsii = ">=1.24.0,<2.0.0"
publication = ">=0.0.3"

[[package]]
name = "aws-cdk.aws-ec2"
version = "1.94.1"
description = "The CDK Construct Library for AWS::EC2"
category = "main"
optional = false
python-versions = ">=3.6"

[package.dependencies]
"aws-cdk.aws-cloudwatch" = "1.94.1"
"aws-cdk.aws-iam" = "1.94.1"
"aws-cdk.aws-kms" = "1.94.1"
"aws-cdk.aws-logs" = "1.94.1"
"aws-cdk.aws-s3" = "1.94.1"
"aws-cdk.aws-s3-assets" = "1.94.1"
"aws-cdk.aws-ssm" = "1.94.1"
"aws-cdk.cloud-assembly-schema" = "1.94.1"
"aws-cdk.core" = "1.94.1"
"aws-cdk.cx-api" = "1.94.1"
"aws-cdk.region-info" = "1.94.1"
constructs = ">=3.2.0,<4.0.0"
jsii = ">=1.24.0,<2.0.0"
publication = ">=0.0.3"

[[package]]
name = "aws-cdk.aws-ecr"
version = "1.94.1"
description = "The CDK Construct Library for AWS::ECR"
category = "main"
optional = false
python-versions = ">=3.6"

[package.dependencies]
"aws-cdk.aws-events" = "1.94.1"
"aws-cdk.aws-iam" = "1.94.1"
"aws-cdk.core" = "1.94.1"
constructs = ">=3.2.0,<4.0.0"
jsii = ">=1.24.0,<2.0.0"
publication = ">=0.0.3"

[[package]]
name = "aws-cdk.aws-ecr-assets"
version = "1.94.1"
description = "Docker image assets deployed to ECR"
category = "main"
optional = false
python-versions = ">=3.6"

[package.dependencies]
"aws-cdk.assets" = "1.94.1"
"aws-cdk.aws-ecr" = "1.94.1"
"aws-cdk.aws-iam" = "1.94.1"
"aws-cdk.aws-s3" = "1.94.1"
"aws-cdk.core" = "1.94.1"
"aws-cdk.cx-api" = "1.94.1"
constructs = ">=3.2.0,<4.0.0"
jsii = ">=1.24.0,<2.0.0"
publication = ">=0.0.3"

[[package]]
name = "aws-cdk.aws-efs"
version = "1.94.1"
description = "The CDK Construct Library for AWS::EFS"
category = "main"
optional = false
python-versions = ">=3.6"

[package.dependencies]
"aws-cdk.aws-ec2" = "1.94.1"
"aws-cdk.aws-kms" = "1.94.1"
"aws-cdk.cloud-assembly-schema" = "1.94.1"
"aws-cdk.core" = "1.94.1"
"aws-cdk.cx-api" = "1.94.1"
constructs = ">=3.2.0,<4.0.0"
jsii = ">=1.24.0,<2.0.0"
publication = ">=0.0.3"

[[package]]
name = "aws-cdk.aws-events"
version = "1.94.1"
description = "Amazon EventBridge Construct Library"
category = "main"
optional = false
python-versions = ">=3.6"

[package.dependencies]
"aws-cdk.aws-iam" = "1.94.1"
"aws-cdk.core" = "1.94.1"
constructs = ">=3.2.0,<4.0.0"
jsii = ">=1.24.0,<2.0.0"
publication = ">=0.0.3"

[[package]]
name = "aws-cdk.aws-iam"
version = "1.94.1"
description = "CDK routines for easily assigning correct and minimal IAM permissions"
category = "main"
optional = false
python-versions = ">=3.6"

[package.dependencies]
"aws-cdk.core" = "1.94.1"
"aws-cdk.region-info" = "1.94.1"
constructs = ">=3.2.0,<4.0.0"
jsii = ">=1.24.0,<2.0.0"
publication = ">=0.0.3"

[[package]]
name = "aws-cdk.aws-kms"
version = "1.94.1"
description = "The CDK Construct Library for AWS::KMS"
category = "main"
optional = false
python-versions = ">=3.6"

[package.dependencies]
"aws-cdk.aws-iam" = "1.94.1"
"aws-cdk.core" = "1.94.1"
"aws-cdk.cx-api" = "1.94.1"
constructs = ">=3.2.0,<4.0.0"
jsii = ">=1.24.0,<2.0.0"
publication = ">=0.0.3"

[[package]]
name = "aws-cdk.aws-lambda"
version = "1.94.1"
description = "The CDK Construct Library for AWS::Lambda"
category = "main"
optional = false
python-versions = ">=3.6"

[package.dependencies]
"aws-cdk.aws-applicationautoscaling" = "1.94.1"
"aws-cdk.aws-cloudwatch" = "1.94.1"
"aws-cdk.aws-codeguruprofiler" = "1.94.1"
"aws-cdk.aws-ec2" = "1.94.1"
"aws-cdk.aws-ecr" = "1.94.1"
"aws-cdk.aws-ecr-assets" = "1.94.1"
"aws-cdk.aws-efs" = "1.94.1"
"aws-cdk.aws-events" = "1.94.1"
"aws-cdk.aws-iam" = "1.94.1"
"aws-cdk.aws-kms" = "1.94.1"
"aws-cdk.aws-logs" = "1.94.1"
"aws-cdk.aws-s3" = "1.94.1"
"aws-cdk.aws-s3-assets" = "1.94.1"
"aws-cdk.aws-signer" = "1.94.1"
"aws-cdk.aws-sqs" = "1.94.1"
"aws-cdk.core" = "1.94.1"
"aws-cdk.cx-api" = "1.94.1"
constructs = ">=3.2.0,<4.0.0"
jsii = ">=1.24.0,<2.0.0"
publication = ">=0.0.3"

[[package]]
name = "aws-cdk.aws-logs"
version = "1.94.1"
description = "The CDK Construct Library for AWS::Logs"
category = "main"
optional = false
python-versions = ">=3.6"

[package.dependencies]
"aws-cdk.aws-cloudwatch" = "1.94.1"
"aws-cdk.aws-iam" = "1.94.1"
"aws-cdk.aws-kms" = "1.94.1"
"aws-cdk.aws-s3-assets" = "1.94.1"
"aws-cdk.core" = "1.94.1"
constructs = ">=3.2.0,<4.0.0"
jsii = ">=1.24.0,<2.0.0"
publication = ">=0.0.3"

[[package]]
name = "aws-cdk.aws-route53"
version = "1.94.1"
description = "The CDK Construct Library for AWS::Route53"
category = "main"
optional = false
python-versions = ">=3.6"

[package.dependencies]
"aws-cdk.aws-ec2" = "1.94.1"
"aws-cdk.aws-iam" = "1.94.1"
"aws-cdk.aws-logs" = "1.94.1"
"aws-cdk.cloud-assembly-schema" = "1.94.1"
"aws-cdk.core" = "1.94.1"
"aws-cdk.custom-resources" = "1.94.1"
constructs = ">=3.2.0,<4.0.0"
jsii = ">=1.24.0,<2.0.0"
publication = ">=0.0.3"

[[package]]
name = "aws-cdk.aws-s3"
version = "1.94.1"
description = "The CDK Construct Library for AWS::S3"
category = "main"
optional = false
python-versions = ">=3.6"

[package.dependencies]
"aws-cdk.aws-events" = "1.94.1"
"aws-cdk.aws-iam" = "1.94.1"
"aws-cdk.aws-kms" = "1.94.1"
"aws-cdk.core" = "1.94.1"
"aws-cdk.cx-api" = "1.94.1"
constructs = ">=3.2.0,<4.0.0"
jsii = ">=1.24.0,<2.0.0"
publication = ">=0.0.3"

[[package]]
name = "aws-cdk.aws-s3-assets"
version = "1.94.1"
description = "Deploy local files and directories to S3"
category = "main"
optional = false
python-versions = ">=3.6"

[package.dependencies]
"aws-cdk.assets" = "1.94.1"
"aws-cdk.aws-iam" = "1.94.1"
"aws-cdk.aws-kms" = "1.94.1"
"aws-cdk.aws-s3" = "1.94.1"
"aws-cdk.core" = "1.94.1"
"aws-cdk.cx-api" = "1.94.1"
constructs = ">=3.2.0,<4.0.0"
jsii = ">=1.24.0,<2.0.0"
publication = ">=0.0.3"

[[package]]
name = "aws-cdk.aws-s3-deployment"
version = "1.94.1"
description = "Constructs for deploying contents to S3 buckets"
category = "main"
optional = false
python-versions = ">=3.6"

[package.dependencies]
"aws-cdk.aws-cloudfront" = "1.94.1"
"aws-cdk.aws-ec2" = "1.94.1"
"aws-cdk.aws-iam" = "1.94.1"
"aws-cdk.aws-lambda" = "1.94.1"
"aws-cdk.aws-s3" = "1.94.1"
"aws-cdk.aws-s3-assets" = "1.94.1"
"aws-cdk.core" = "1.94.1"
"aws-cdk.lambda-layer-awscli" = "1.94.1"
constructs = ">=3.2.0,<4.0.0"
jsii = ">=1.24.0,<2.0.0"
publication = ">=0.0.3"

[[package]]
name = "aws-cdk.aws-sagemaker"
version = "1.94.1"
description = "The CDK Construct Library for AWS::SageMaker"
category = "main"
optional = false
python-versions = ">=3.6"

[package.dependencies]
"aws-cdk.core" = "1.94.1"
constructs = ">=3.2.0,<4.0.0"
jsii = ">=1.24.0,<2.0.0"
publication = ">=0.0.3"

[[package]]
name = "aws-cdk.aws-servicecatalog"
version = "1.94.1"
description = "The CDK Construct Library for AWS::ServiceCatalog"
category = "main"
optional = false
python-versions = ">=3.6"

[package.dependencies]
"aws-cdk.core" = "1.94.1"
constructs = ">=3.2.0,<4.0.0"
jsii = ">=1.24.0,<2.0.0"
publication = ">=0.0.3"

[[package]]
name = "aws-cdk.aws-signer"
version = "1.94.1"
description = "The CDK Construct Library for AWS::Signer"
category = "main"
optional = false
python-versions = ">=3.6"

[package.dependencies]
"aws-cdk.core" = "1.94.1"
constructs = ">=3.2.0,<4.0.0"
jsii = ">=1.24.0,<2.0.0"
publication = ">=0.0.3"

[[package]]
name = "aws-cdk.aws-sns"
version = "1.94.1"
description = "The CDK Construct Library for AWS::SNS"
category = "main"
optional = false
python-versions = ">=3.6"

[package.dependencies]
"aws-cdk.aws-cloudwatch" = "1.94.1"
"aws-cdk.aws-events" = "1.94.1"
"aws-cdk.aws-iam" = "1.94.1"
"aws-cdk.aws-kms" = "1.94.1"
"aws-cdk.aws-sqs" = "1.94.1"
"aws-cdk.core" = "1.94.1"
constructs = ">=3.2.0,<4.0.0"
jsii = ">=1.24.0,<2.0.0"
publication = ">=0.0.3"

[[package]]
name = "aws-cdk.aws-sqs"
version = "1.94.1"
description = "The CDK Construct Library for AWS::SQS"
category = "main"
optional = false
python-versions = ">=3.6"

[package.dependencies]
"aws-cdk.aws-cloudwatch" = "1.94.1"
"aws-cdk.aws-iam" = "1.94.1"
"aws-cdk.aws-kms" = "1.94.1"
"aws-cdk.core" = "1.94.1"
constructs = ">=3.2.0,<4.0.0"
jsii = ">=1.24.0,<2.0.0"
publication = ">=0.0.3"

[[package]]
name = "aws-cdk.aws-ssm"
version = "1.94.1"
description = "The CDK Construct Library for AWS::SSM"
category = "main"
optional = false
python-versions = ">=3.6"

[package.dependencies]
"aws-cdk.aws-iam" = "1.94.1"
"aws-cdk.aws-kms" = "1.94.1"
"aws-cdk.cloud-assembly-schema" = "1.94.1"
"aws-cdk.core" = "1.94.1"
constructs = ">=3.2.0,<4.0.0"
jsii = ">=1.24.0,<2.0.0"
publication = ">=0.0.3"

[[package]]
name = "aws-cdk.cloud-assembly-schema"
version = "1.94.1"
description = "Cloud Assembly Schema"
category = "main"
optional = false
python-versions = ">=3.6"

[package.dependencies]
jsii = ">=1.24.0,<2.0.0"
publication = ">=0.0.3"

[[package]]
name = "aws-cdk.core"
version = "1.94.1"
description = "AWS Cloud Development Kit Core Library"
category = "main"
optional = false
python-versions = ">=3.6"

[package.dependencies]
"aws-cdk.cloud-assembly-schema" = "1.94.1"
"aws-cdk.cx-api" = "1.94.1"
"aws-cdk.region-info" = "1.94.1"
constructs = ">=3.2.0,<4.0.0"
jsii = ">=1.24.0,<2.0.0"
publication = ">=0.0.3"

[[package]]
name = "aws-cdk.custom-resources"
version = "1.94.1"
description = "Constructs for implementing CDK custom resources"
category = "main"
optional = false
python-versions = ">=3.6"

[package.dependencies]
"aws-cdk.aws-cloudformation" = "1.94.1"
"aws-cdk.aws-ec2" = "1.94.1"
"aws-cdk.aws-iam" = "1.94.1"
"aws-cdk.aws-lambda" = "1.94.1"
"aws-cdk.aws-logs" = "1.94.1"
"aws-cdk.aws-sns" = "1.94.1"
"aws-cdk.core" = "1.94.1"
constructs = ">=3.2.0,<4.0.0"
jsii = ">=1.24.0,<2.0.0"
publication = ">=0.0.3"

[[package]]
name = "aws-cdk.cx-api"
version = "1.94.1"
description = "Cloud executable protocol"
category = "main"
optional = false
python-versions = ">=3.6"

[package.dependencies]
"aws-cdk.cloud-assembly-schema" = "1.94.1"
jsii = ">=1.24.0,<2.0.0"
publication = ">=0.0.3"

[[package]]
name = "aws-cdk.lambda-layer-awscli"
version = "1.94.1"
description = "An AWS Lambda layer that contains the AWS CLI"
category = "main"
optional = false
python-versions = ">=3.6"

[package.dependencies]
"aws-cdk.aws-lambda" = "1.94.1"
"aws-cdk.core" = "1.94.1"
constructs = ">=3.2.0,<4.0.0"
jsii = ">=1.24.0,<2.0.0"
publication = ">=0.0.3"

[[package]]
name = "aws-cdk.region-info"
version = "1.94.1"
description = "AWS region information, such as service principal names"
category = "main"
optional = false
python-versions = ">=3.6"

[package.dependencies]
jsii = ">=1.24.0,<2.0.0"
publication = ">=0.0.3"

[[package]]
name = "black"
version = "20.8b1"
description = "The uncompromising code formatter."
category = "dev"
optional = false
python-versions = ">=3.6"

[package.dependencies]
appdirs = "*"
click = ">=7.1.2"
mypy-extensions = ">=0.4.3"
pathspec = ">=0.6,<1"
regex = ">=2020.1.8"
toml = ">=0.10.1"
typed-ast = ">=1.4.0"
typing-extensions = ">=3.7.4"

[package.extras]
colorama = ["colorama (>=0.4.3)"]
d = ["aiohttp (>=3.3.2)", "aiohttp-cors"]

[[package]]
name = "boto3"
version = "1.17.31"
description = "The AWS SDK for Python"
category = "dev"
optional = false
python-versions = ">= 2.7, !=3.0.*, !=3.1.*, !=3.2.*, !=3.3.*, !=3.4.*, !=3.5.*"

[package.dependencies]
botocore = ">=1.20.31,<1.21.0"
jmespath = ">=0.7.1,<1.0.0"
s3transfer = ">=0.3.0,<0.4.0"

[[package]]
name = "botocore"
version = "1.20.31"
description = "Low-level, data-driven core of boto 3."
category = "dev"
optional = false
python-versions = ">= 2.7, !=3.0.*, !=3.1.*, !=3.2.*, !=3.3.*, !=3.4.*, !=3.5.*"

[package.dependencies]
jmespath = ">=0.7.1,<1.0.0"
python-dateutil = ">=2.1,<3.0.0"
urllib3 = ">=1.25.4,<1.27"

[package.extras]
crt = ["awscrt (==0.10.8)"]

[[package]]
name = "cattrs"
version = "1.3.0"
description = "Composable complex class support for attrs."
category = "main"
optional = false
python-versions = "~=3.7"

[package.dependencies]
attrs = ">=20.1.0"

[package.extras]
dev = ["bumpversion", "wheel", "watchdog", "flake8", "tox", "coverage", "sphinx", "pytest", "pytest-benchmark", "hypothesis", "pendulum", "isort", "black"]

[[package]]
name = "click"
version = "7.1.2"
description = "Composable command line interface toolkit"
category = "dev"
optional = false
python-versions = ">=2.7, !=3.0.*, !=3.1.*, !=3.2.*, !=3.3.*, !=3.4.*"

[[package]]
name = "constructs"
version = "3.3.68"
description = "A programming model for composable configuration"
category = "main"
optional = false
python-versions = ">=3.6"

[package.dependencies]
jsii = ">=1.25.0,<2.0.0"
publication = ">=0.0.3"

[[package]]
name = "futures"
version = "3.1.1"
description = "Backport of the concurrent.futures package from Python 3.2"
category = "dev"
optional = false
python-versions = "*"

[[package]]
name = "isort"
version = "5.7.0"
description = "A Python utility / library to sort Python imports."
category = "dev"
optional = false
python-versions = ">=3.6,<4.0"

[package.extras]
pipfile_deprecated_finder = ["pipreqs", "requirementslib"]
requirements_deprecated_finder = ["pipreqs", "pip-api"]
colors = ["colorama (>=0.4.3,<0.5.0)"]

[[package]]
name = "jmespath"
version = "0.10.0"
description = "JSON Matching Expressions"
category = "dev"
optional = false
python-versions = ">=2.6, !=3.0.*, !=3.1.*, !=3.2.*"

[[package]]
name = "jsii"
version = "1.25.0"
description = "Python client for jsii runtime"
category = "main"
optional = false
python-versions = "~=3.6"

[package.dependencies]
attrs = ">=20.1,<21.0"
cattrs = {version = ">=1.3.0,<1.4.0", markers = "python_version >= \"3.7\""}
python-dateutil = "*"
typing-extensions = ">=3.7,<4.0"

[[package]]
name = "mypy-extensions"
version = "0.4.3"
description = "Experimental type system extensions for programs checked with the mypy typechecker."
category = "dev"
optional = false
python-versions = "*"

[[package]]
name = "pathspec"
version = "0.8.1"
description = "Utility library for gitignore style pattern matching of file paths."
category = "dev"
optional = false
python-versions = ">=2.7, !=3.0.*, !=3.1.*, !=3.2.*, !=3.3.*, !=3.4.*"

[[package]]
name = "publication"
version = "0.0.3"
description = "Publication helps you maintain public-api-friendly modules by preventing unintentional access to private implementation details via introspection."
category = "main"
optional = false
python-versions = "*"

[[package]]
name = "python-dateutil"
version = "2.8.1"
description = "Extensions to the standard Python datetime module"
category = "main"
optional = false
python-versions = "!=3.0.*,!=3.1.*,!=3.2.*,>=2.7"

[package.dependencies]
six = ">=1.5"

[[package]]
name = "python-dotenv"
version = "0.15.0"
description = "Add .env support to your django/flask apps in development and deployments"
category = "main"
optional = false
python-versions = "*"

[package.extras]
cli = ["click (>=5.0)"]

[[package]]
name = "regex"
version = "2021.3.17"
description = "Alternative regular expression module, to replace re."
category = "dev"
optional = false
python-versions = "*"

[[package]]
name = "s3transfer"
version = "0.3.5"
description = "An Amazon S3 Transfer Manager"
category = "dev"
optional = false
python-versions = "*"

[package.dependencies]
botocore = ">=1.12.36,<2.0a.0"
futures = ">=2.2.0,<4.0.0"

[[package]]
name = "six"
version = "1.15.0"
description = "Python 2 and 3 compatibility utilities"
category = "main"
optional = false
python-versions = ">=2.7, !=3.0.*, !=3.1.*, !=3.2.*"

[[package]]
name = "toml"
version = "0.10.2"
description = "Python Library for Tom's Obvious, Minimal Language"
category = "dev"
optional = false
python-versions = ">=2.6, !=3.0.*, !=3.1.*, !=3.2.*"

[[package]]
name = "typed-ast"
version = "1.4.2"
description = "a fork of Python 2 and 3 ast modules with type comment support"
category = "dev"
optional = false
python-versions = "*"

[[package]]
name = "typing-extensions"
version = "3.7.4.3"
description = "Backported and Experimental Type Hints for Python 3.5+"
category = "main"
optional = false
python-versions = "*"

[[package]]
name = "urllib3"
version = "1.26.4"
description = "HTTP library with thread-safe connection pooling, file post, and more."
category = "dev"
optional = false
python-versions = ">=2.7, !=3.0.*, !=3.1.*, !=3.2.*, !=3.3.*, !=3.4.*, <4"

[package.extras]
secure = ["pyOpenSSL (>=0.14)", "cryptography (>=1.3.4)", "idna (>=2.0.0)", "certifi", "ipaddress"]
socks = ["PySocks (>=1.5.6,!=1.5.7,<2.0)"]
brotli = ["brotlipy (>=0.6.0)"]

[metadata]
lock-version = "1.1"
python-versions = "^3.9"
content-hash = "3b12cda922b48f82974550d51bc18272cffa366efbb411ca5ed007819a0bf226"

[metadata.files]
appdirs = [
    {file = "appdirs-1.4.4-py2.py3-none-any.whl", hash = "sha256:a841dacd6b99318a741b166adb07e19ee71a274450e68237b4650ca1055ab128"},
    {file = "appdirs-1.4.4.tar.gz", hash = "sha256:7d5d0167b2b1ba821647616af46a749d1c653740dd0d2415100fe26e27afdf41"},
]
attrs = [
    {file = "attrs-20.3.0-py2.py3-none-any.whl", hash = "sha256:31b2eced602aa8423c2aea9c76a724617ed67cf9513173fd3a4f03e3a929c7e6"},
    {file = "attrs-20.3.0.tar.gz", hash = "sha256:832aa3cde19744e49938b91fea06d69ecb9e649c93ba974535d08ad92164f700"},
]
"aws-cdk.assets" = [
    {file = "aws-cdk.assets-1.94.1.tar.gz", hash = "sha256:2eeb518dd19e9c9ad9478606a074ef03fb2cf0446fe5d9d1c0f5c609f6123d8c"},
    {file = "aws_cdk.assets-1.94.1-py3-none-any.whl", hash = "sha256:b32ae2b11918fe81621701b5d00ffc01adca6d27058adafb29e6f3cd567b15d2"},
]
"aws-cdk.aws-applicationautoscaling" = [
    {file = "aws-cdk.aws-applicationautoscaling-1.94.1.tar.gz", hash = "sha256:35dd61681cabc2bc8ab1e111db66683468357e284f1c8c16fa1f5654fa9fde02"},
    {file = "aws_cdk.aws_applicationautoscaling-1.94.1-py3-none-any.whl", hash = "sha256:d140eb2d5ec238b6f2291aefca4fb9177387451c4208c5b1d4050936a4b2b99b"},
]
"aws-cdk.aws-autoscaling-common" = [
    {file = "aws-cdk.aws-autoscaling-common-1.94.1.tar.gz", hash = "sha256:b089677099f2541065932f98ff490dade58a0b1eff45c0bf24ea8205fdddac03"},
    {file = "aws_cdk.aws_autoscaling_common-1.94.1-py3-none-any.whl", hash = "sha256:6cd48d178011ae0aaca96529decc331e710a571d94f2b0b187881523ca831ea0"},
]
"aws-cdk.aws-certificatemanager" = [
    {file = "aws-cdk.aws-certificatemanager-1.94.1.tar.gz", hash = "sha256:c10b5a24440985bd83ef91d848b426f4a94267ae6c77eb5d044473130241d601"},
    {file = "aws_cdk.aws_certificatemanager-1.94.1-py3-none-any.whl", hash = "sha256:3850ca1d7514ade333b30e07f3199dd584090da1a2a989f83a6bf35158c21f57"},
]
"aws-cdk.aws-cloudformation" = [
    {file = "aws-cdk.aws-cloudformation-1.94.1.tar.gz", hash = "sha256:63fb0a6b87a1ab2ed5ad3d1fe02cd7eba6403fec7dc308a79927fe353135cbb0"},
    {file = "aws_cdk.aws_cloudformation-1.94.1-py3-none-any.whl", hash = "sha256:d82542265b654ee6166f7226a8c413d49f7f10542f03049f9b9a4751017246f4"},
]
"aws-cdk.aws-cloudfront" = [
    {file = "aws-cdk.aws-cloudfront-1.94.1.tar.gz", hash = "sha256:00d26afcd0864aff26e980d642c39f57a69c39089e95764c0adced8bbf9a9fde"},
    {file = "aws_cdk.aws_cloudfront-1.94.1-py3-none-any.whl", hash = "sha256:8cdec5f0dc565f87e0650bf33bbe9ff171768311525bd7c1a7b738e12abbe46f"},
]
"aws-cdk.aws-cloudwatch" = [
    {file = "aws-cdk.aws-cloudwatch-1.94.1.tar.gz", hash = "sha256:4c7db5dc17e35222e0c670a6d1e3fa76754c6a7bbaa74fa692f853e2b149c142"},
    {file = "aws_cdk.aws_cloudwatch-1.94.1-py3-none-any.whl", hash = "sha256:5f72a062f772503a34bcbb6b4013de5fab8193de895b877f642bf4920c79157e"},
]
"aws-cdk.aws-codeguruprofiler" = [
    {file = "aws-cdk.aws-codeguruprofiler-1.94.1.tar.gz", hash = "sha256:b1ce83a41cdf20e0e75d346100c3aa1b28606308273cf5be035dc6cdda203a8a"},
    {file = "aws_cdk.aws_codeguruprofiler-1.94.1-py3-none-any.whl", hash = "sha256:2ab9020a9a99d9407e43c3fbf4027f33fffa77fc920adb756ee123c68d243346"},
]
"aws-cdk.aws-ec2" = [
    {file = "aws-cdk.aws-ec2-1.94.1.tar.gz", hash = "sha256:eaca9095e96269807411a1b028f380c74e664377f7a51167a11a767890526778"},
    {file = "aws_cdk.aws_ec2-1.94.1-py3-none-any.whl", hash = "sha256:2f0aba472cc81885ea95a819208ec09605e45deabb0a217fdb3f733ae29b5ef4"},
]
"aws-cdk.aws-ecr" = [
    {file = "aws-cdk.aws-ecr-1.94.1.tar.gz", hash = "sha256:a836c4695d246c043c02a4219826aeb44b77d537d5f0f9542cf3bcd9d7cf2f88"},
    {file = "aws_cdk.aws_ecr-1.94.1-py3-none-any.whl", hash = "sha256:7d25453cea108c607dab738fe366e95ad9140d0972f04c4da9dd964a158c0332"},
]
"aws-cdk.aws-ecr-assets" = [
    {file = "aws-cdk.aws-ecr-assets-1.94.1.tar.gz", hash = "sha256:1b73d4aa61f24d52db62f6d3e8473a771df6a32f8ef0e7b3cfea833fc65317e3"},
    {file = "aws_cdk.aws_ecr_assets-1.94.1-py3-none-any.whl", hash = "sha256:478416494d16e201a4d44aeb7c5c1adc403cd72a383591304ca8e89cbbaa1591"},
]
"aws-cdk.aws-efs" = [
    {file = "aws-cdk.aws-efs-1.94.1.tar.gz", hash = "sha256:26bdf94244d017f44e18d7cd049617afb565800b0b4b45332574dc96e2d7f0ef"},
    {file = "aws_cdk.aws_efs-1.94.1-py3-none-any.whl", hash = "sha256:0c400153ab261a696aa6ca504b51469d9f0215d92dd07e8ba3fd3589be3aa6cb"},
]
"aws-cdk.aws-events" = [
    {file = "aws-cdk.aws-events-1.94.1.tar.gz", hash = "sha256:09d61bf99b33455a9dc952531620af9a91bdb7d7044189e1e1099680d7575c10"},
    {file = "aws_cdk.aws_events-1.94.1-py3-none-any.whl", hash = "sha256:0f60e38557895fb371746b2405295355482acb19aadbaf4bc03778968ad95bb9"},
]
"aws-cdk.aws-iam" = [
    {file = "aws-cdk.aws-iam-1.94.1.tar.gz", hash = "sha256:292f1ae298f39c60152da9499c1b1358757e6f2f5f6d96e30052730f41a7c6cf"},
    {file = "aws_cdk.aws_iam-1.94.1-py3-none-any.whl", hash = "sha256:6e7aaded9629dc36e334dcbbe565987acf99c675fde4500b243a1f92b32f16bb"},
]
"aws-cdk.aws-kms" = [
    {file = "aws-cdk.aws-kms-1.94.1.tar.gz", hash = "sha256:88f546889bd641848b38482955d12ee267a0beed008c1e5a65f6040d59c3b879"},
    {file = "aws_cdk.aws_kms-1.94.1-py3-none-any.whl", hash = "sha256:08c86ce4ba2b66660e96427bbce7af698f04161b2d523749e2104edd72203a1c"},
]
"aws-cdk.aws-lambda" = [
    {file = "aws-cdk.aws-lambda-1.94.1.tar.gz", hash = "sha256:898aa53d6dd87f21f563b66a7fba16bfbe4af99a6fb994316a7ad4cc55797be3"},
    {file = "aws_cdk.aws_lambda-1.94.1-py3-none-any.whl", hash = "sha256:17476fee0c9f5614f7a154aae72bcac28ce63d0a2aca1ca25a17803ddce18ee1"},
]
"aws-cdk.aws-logs" = [
    {file = "aws-cdk.aws-logs-1.94.1.tar.gz", hash = "sha256:f0dc5f8233678c5fac6550afef94ab6866052a1ee87e450f10cd60ad846532a1"},
    {file = "aws_cdk.aws_logs-1.94.1-py3-none-any.whl", hash = "sha256:397a7adc2769e9fe2a79758d4e4976b2a732ebda24f15a6a07fe309aac23485c"},
]
"aws-cdk.aws-route53" = [
    {file = "aws-cdk.aws-route53-1.94.1.tar.gz", hash = "sha256:7f5cd396bb78e95b29f6887bda836e461e4509c9a3eb60035e85edb7e4ea4e08"},
    {file = "aws_cdk.aws_route53-1.94.1-py3-none-any.whl", hash = "sha256:3eea66e43b75dd243975a5ad922e3e52aa5ab97cb851cba35b4fffd9bacb9307"},
]
"aws-cdk.aws-s3" = [
    {file = "aws-cdk.aws-s3-1.94.1.tar.gz", hash = "sha256:79b416b3bffe2aee6ecfca9f3b0c1d509625319e681adac7c6e13123b8c603df"},
    {file = "aws_cdk.aws_s3-1.94.1-py3-none-any.whl", hash = "sha256:d7a8eba145d27ab77d3816da93c22cad05715136b3630f4f190ae4971951a8e9"},
]
"aws-cdk.aws-s3-assets" = [
    {file = "aws-cdk.aws-s3-assets-1.94.1.tar.gz", hash = "sha256:5906708f595df56a320d6cdf3c9985e76290737b462cb662ef4b37c5f7fc461f"},
    {file = "aws_cdk.aws_s3_assets-1.94.1-py3-none-any.whl", hash = "sha256:d1f8c86dac5652543e2b6f79d069155716266b6b54ccea8d940a4f78aec7d665"},
]
"aws-cdk.aws-s3-deployment" = [
    {file = "aws-cdk.aws-s3-deployment-1.94.1.tar.gz", hash = "sha256:8808f268665b42e61b5e6be0041d529c9e234df86a4c6aae22a4a7290b1387ca"},
    {file = "aws_cdk.aws_s3_deployment-1.94.1-py3-none-any.whl", hash = "sha256:309105b7c3777fab0de2278d469a3a457a9e2079db8389c76d048e945c96f429"},
]
"aws-cdk.aws-sagemaker" = [
    {file = "aws-cdk.aws-sagemaker-1.94.1.tar.gz", hash = "sha256:5495acafc2dc02860a5038eae30b4b4c2b9f8c867d5cc4e0971ef3c913bc9114"},
    {file = "aws_cdk.aws_sagemaker-1.94.1-py3-none-any.whl", hash = "sha256:ea01e70b1c37525cb634d9ffd3b8bf59f1f2d40e4183d62586c6a2bb090fa2c5"},
]
"aws-cdk.aws-servicecatalog" = [
    {file = "aws-cdk.aws-servicecatalog-1.94.1.tar.gz", hash = "sha256:59104478b3cb79c662cf3b097b2396ca6dfadaf16d8f5fd9fd897b3162e50fa1"},
    {file = "aws_cdk.aws_servicecatalog-1.94.1-py3-none-any.whl", hash = "sha256:dd79e291bcbd9632e707fa730d605cb847be6eb3ac04acc4071440f7c53d36d8"},
]
"aws-cdk.aws-signer" = [
    {file = "aws-cdk.aws-signer-1.94.1.tar.gz", hash = "sha256:d8da70a728bbe158cb4318730a1dc8c7fd43fb73051f044c8b9c2c8be736bdf7"},
    {file = "aws_cdk.aws_signer-1.94.1-py3-none-any.whl", hash = "sha256:ecc1d0b6703226d5c7fec1d0912fc3638ecbd14292310f9655ac82e7a0a3c7ff"},
]
"aws-cdk.aws-sns" = [
    {file = "aws-cdk.aws-sns-1.94.1.tar.gz", hash = "sha256:61897d665f6dc1af92b873c493312ad074a92a115afdc056cb60d5f9aec09296"},
    {file = "aws_cdk.aws_sns-1.94.1-py3-none-any.whl", hash = "sha256:be336db6170e313b48fe023b42f1b4544d66539608554ee5deaf7771e7a5edb9"},
]
"aws-cdk.aws-sqs" = [
    {file = "aws-cdk.aws-sqs-1.94.1.tar.gz", hash = "sha256:2e3725716bf34f4453da7f2b09b3621841eadb9eab560b863c5e70931101e37d"},
    {file = "aws_cdk.aws_sqs-1.94.1-py3-none-any.whl", hash = "sha256:251c7ca12ebe58448e637724ede4737f095b64e9b1b7c8772e554db98983d89e"},
]
"aws-cdk.aws-ssm" = [
    {file = "aws-cdk.aws-ssm-1.94.1.tar.gz", hash = "sha256:74847e6b59215fa56abbb19e0e49ceddc0f9d6ada0a5093ed6b58f95dbc2f1de"},
    {file = "aws_cdk.aws_ssm-1.94.1-py3-none-any.whl", hash = "sha256:027148f5c26eea79fea021ccda571491a1744061ca534da38ebe56cab9faf42f"},
]
"aws-cdk.cloud-assembly-schema" = [
    {file = "aws-cdk.cloud-assembly-schema-1.94.1.tar.gz", hash = "sha256:88af89554c74d6ca7d8d8a33bfd68d60f5b4abf8e83c77dc2838e3d2eef3cfd5"},
    {file = "aws_cdk.cloud_assembly_schema-1.94.1-py3-none-any.whl", hash = "sha256:d0c439e1f361aea29d2d7480758f7df299f0d232280c7f95bc6b58e632f0fbab"},
]
"aws-cdk.core" = [
    {file = "aws-cdk.core-1.94.1.tar.gz", hash = "sha256:a5d2ba2229848bdbfc3c28f472a40b0da730df28d1f7335c853e33657b6bf13f"},
    {file = "aws_cdk.core-1.94.1-py3-none-any.whl", hash = "sha256:8f237177590301c121465882b623bde0e46865ec58056452b8ecd4e54271564f"},
]
"aws-cdk.custom-resources" = [
    {file = "aws-cdk.custom-resources-1.94.1.tar.gz", hash = "sha256:ac00c7ab87ea00fa8c8f2e09c52088a141666d22e2e4468e9b96834ae3b4272a"},
    {file = "aws_cdk.custom_resources-1.94.1-py3-none-any.whl", hash = "sha256:fc433f0a504efa5753e269fd147a2a1248328945c0fc027b09514951077063fb"},
]
"aws-cdk.cx-api" = [
    {file = "aws-cdk.cx-api-1.94.1.tar.gz", hash = "sha256:b405b24afd3020219b3e50953fd7dbbd439a1693ecc10b384a79eb4c94650317"},
    {file = "aws_cdk.cx_api-1.94.1-py3-none-any.whl", hash = "sha256:d2122f2597cb3078747a8c69d954f8abf3336f2d119ee9f33515ab047ccf3438"},
]
"aws-cdk.lambda-layer-awscli" = [
    {file = "aws-cdk.lambda-layer-awscli-1.94.1.tar.gz", hash = "sha256:fc043983239ab12f399bcdab02ebcb02a99dfcb85b7386909bef02d0f84e8759"},
    {file = "aws_cdk.lambda_layer_awscli-1.94.1-py3-none-any.whl", hash = "sha256:57650731ea27a8cef6dd76e4c47198fb97594d293a773e4cc8e34b4daead05e4"},
]
"aws-cdk.region-info" = [
    {file = "aws-cdk.region-info-1.94.1.tar.gz", hash = "sha256:05a4282acd5fd64b6a23ec6727facb34643a0a497a63593eddcfd047b2a80336"},
    {file = "aws_cdk.region_info-1.94.1-py3-none-any.whl", hash = "sha256:181109d4c8666bb7f24b8d35ca871632153498b1f90348dc222d18bd31b3d33b"},
]
black = [
    {file = "black-20.8b1.tar.gz", hash = "sha256:1c02557aa099101b9d21496f8a914e9ed2222ef70336404eeeac8edba836fbea"},
]
boto3 = [
    {file = "boto3-1.17.31-py2.py3-none-any.whl", hash = "sha256:a1adec9fc44dd64c44c23a8066306d348b0dd818b015062a747cb504d1bd56c4"},
    {file = "boto3-1.17.31.tar.gz", hash = "sha256:5eed44c33358f7606f180a70828131f7f99b1d018ba189098d5e1cfa38ba3db0"},
]
botocore = [
    {file = "botocore-1.20.31-py2.py3-none-any.whl", hash = "sha256:68905e6181e58d1675de980bbf766fa2ea644cdaeb0b5e8b92715fa6106cf7b4"},
    {file = "botocore-1.20.31.tar.gz", hash = "sha256:4e0bbd384b17e9437ce5a9e35495cb1a82ab3f0d80b02cb4847d0bb5ebaf89b7"},
]
cattrs = [
    {file = "cattrs-1.3.0-py3-none-any.whl", hash = "sha256:f92ca39ccb7373289f9cccf71b86849a29a2d75370bc983e7bf579ce95bfccd8"},
    {file = "cattrs-1.3.0.tar.gz", hash = "sha256:12688f56fbb7f54cf647d031669840e1ab0b9a198bf374a217fcb5be821855df"},
]
click = [
    {file = "click-7.1.2-py2.py3-none-any.whl", hash = "sha256:dacca89f4bfadd5de3d7489b7c8a566eee0d3676333fbb50030263894c38c0dc"},
    {file = "click-7.1.2.tar.gz", hash = "sha256:d2b5255c7c6349bc1bd1e59e08cd12acbbd63ce649f2588755783aa94dfb6b1a"},
]
constructs = [
    {file = "constructs-3.3.68-py3-none-any.whl", hash = "sha256:211ddd668c43ee7887a760a3bb301ba632896f871c054619adfd734325c404d0"},
    {file = "constructs-3.3.68.tar.gz", hash = "sha256:3a5ab5eccd814bae51f2c3a02a710b446447b6ac4bed48cbde741410bc90407c"},
]
futures = [
    {file = "futures-3.1.1-py2-none-any.whl", hash = "sha256:c4884a65654a7c45435063e14ae85280eb1f111d94e542396717ba9828c4337f"},
    {file = "futures-3.1.1-py3-none-any.whl", hash = "sha256:3a44f286998ae64f0cc083682fcfec16c406134a81a589a5de445d7bb7c2751b"},
    {file = "futures-3.1.1.tar.gz", hash = "sha256:51ecb45f0add83c806c68e4b06106f90db260585b25ef2abfcda0bd95c0132fd"},
]
isort = [
    {file = "isort-5.7.0-py3-none-any.whl", hash = "sha256:fff4f0c04e1825522ce6949973e83110a6e907750cd92d128b0d14aaaadbffdc"},
    {file = "isort-5.7.0.tar.gz", hash = "sha256:c729845434366216d320e936b8ad6f9d681aab72dc7cbc2d51bedc3582f3ad1e"},
]
jmespath = [
    {file = "jmespath-0.10.0-py2.py3-none-any.whl", hash = "sha256:cdf6525904cc597730141d61b36f2e4b8ecc257c420fa2f4549bac2c2d0cb72f"},
    {file = "jmespath-0.10.0.tar.gz", hash = "sha256:b85d0567b8666149a93172712e68920734333c0ce7e89b78b3e987f71e5ed4f9"},
]
jsii = [
    {file = "jsii-1.25.0-py3-none-any.whl", hash = "sha256:9a6e46d9c2914f32d6231e38df0069b7035a7ad85041c0cf901262041c4be6ff"},
    {file = "jsii-1.25.0.tar.gz", hash = "sha256:594bf95bfb6823373aa860892933d23717d7b5b8c3ace7077b41ee5135fee061"},
]
mypy-extensions = [
    {file = "mypy_extensions-0.4.3-py2.py3-none-any.whl", hash = "sha256:090fedd75945a69ae91ce1303b5824f428daf5a028d2f6ab8a299250a846f15d"},
    {file = "mypy_extensions-0.4.3.tar.gz", hash = "sha256:2d82818f5bb3e369420cb3c4060a7970edba416647068eb4c5343488a6c604a8"},
]
pathspec = [
    {file = "pathspec-0.8.1-py2.py3-none-any.whl", hash = "sha256:aa0cb481c4041bf52ffa7b0d8fa6cd3e88a2ca4879c533c9153882ee2556790d"},
    {file = "pathspec-0.8.1.tar.gz", hash = "sha256:86379d6b86d75816baba717e64b1a3a3469deb93bb76d613c9ce79edc5cb68fd"},
]
publication = [
    {file = "publication-0.0.3-py2.py3-none-any.whl", hash = "sha256:0248885351febc11d8a1098d5c8e3ab2dabcf3e8c0c96db1e17ecd12b53afbe6"},
    {file = "publication-0.0.3.tar.gz", hash = "sha256:68416a0de76dddcdd2930d1c8ef853a743cc96c82416c4e4d3b5d901c6276dc4"},
]
python-dateutil = [
    {file = "python-dateutil-2.8.1.tar.gz", hash = "sha256:73ebfe9dbf22e832286dafa60473e4cd239f8592f699aa5adaf10050e6e1823c"},
    {file = "python_dateutil-2.8.1-py2.py3-none-any.whl", hash = "sha256:75bb3f31ea686f1197762692a9ee6a7550b59fc6ca3a1f4b5d7e32fb98e2da2a"},
]
python-dotenv = [
    {file = "python-dotenv-0.15.0.tar.gz", hash = "sha256:587825ed60b1711daea4832cf37524dfd404325b7db5e25ebe88c495c9f807a0"},
    {file = "python_dotenv-0.15.0-py2.py3-none-any.whl", hash = "sha256:0c8d1b80d1a1e91717ea7d526178e3882732420b03f08afea0406db6402e220e"},
]
regex = [
    {file = "regex-2021.3.17-cp36-cp36m-macosx_10_9_x86_64.whl", hash = "sha256:b97ec5d299c10d96617cc851b2e0f81ba5d9d6248413cd374ef7f3a8871ee4a6"},
    {file = "regex-2021.3.17-cp36-cp36m-manylinux1_i686.whl", hash = "sha256:cb4ee827857a5ad9b8ae34d3c8cc51151cb4a3fe082c12ec20ec73e63cc7c6f0"},
    {file = "regex-2021.3.17-cp36-cp36m-manylinux1_x86_64.whl", hash = "sha256:633497504e2a485a70a3268d4fc403fe3063a50a50eed1039083e9471ad0101c"},
    {file = "regex-2021.3.17-cp36-cp36m-manylinux2010_i686.whl", hash = "sha256:a59a2ee329b3de764b21495d78c92ab00b4ea79acef0f7ae8c1067f773570afa"},
    {file = "regex-2021.3.17-cp36-cp36m-manylinux2010_x86_64.whl", hash = "sha256:f85d6f41e34f6a2d1607e312820971872944f1661a73d33e1e82d35ea3305e14"},
    {file = "regex-2021.3.17-cp36-cp36m-manylinux2014_aarch64.whl", hash = "sha256:4651f839dbde0816798e698626af6a2469eee6d9964824bb5386091255a1694f"},
    {file = "regex-2021.3.17-cp36-cp36m-manylinux2014_i686.whl", hash = "sha256:39c44532d0e4f1639a89e52355b949573e1e2c5116106a395642cbbae0ff9bcd"},
    {file = "regex-2021.3.17-cp36-cp36m-manylinux2014_x86_64.whl", hash = "sha256:3d9a7e215e02bd7646a91fb8bcba30bc55fd42a719d6b35cf80e5bae31d9134e"},
    {file = "regex-2021.3.17-cp36-cp36m-win32.whl", hash = "sha256:159fac1a4731409c830d32913f13f68346d6b8e39650ed5d704a9ce2f9ef9cb3"},
    {file = "regex-2021.3.17-cp36-cp36m-win_amd64.whl", hash = "sha256:13f50969028e81765ed2a1c5fcfdc246c245cf8d47986d5172e82ab1a0c42ee5"},
    {file = "regex-2021.3.17-cp37-cp37m-macosx_10_9_x86_64.whl", hash = "sha256:b9d8d286c53fe0cbc6d20bf3d583cabcd1499d89034524e3b94c93a5ab85ca90"},
    {file = "regex-2021.3.17-cp37-cp37m-manylinux1_i686.whl", hash = "sha256:201e2619a77b21a7780580ab7b5ce43835e242d3e20fef50f66a8df0542e437f"},
    {file = "regex-2021.3.17-cp37-cp37m-manylinux1_x86_64.whl", hash = "sha256:d47d359545b0ccad29d572ecd52c9da945de7cd6cf9c0cfcb0269f76d3555689"},
    {file = "regex-2021.3.17-cp37-cp37m-manylinux2010_i686.whl", hash = "sha256:ea2f41445852c660ba7c3ebf7d70b3779b20d9ca8ba54485a17740db49f46932"},
    {file = "regex-2021.3.17-cp37-cp37m-manylinux2010_x86_64.whl", hash = "sha256:486a5f8e11e1f5bbfcad87f7c7745eb14796642323e7e1829a331f87a713daaa"},
    {file = "regex-2021.3.17-cp37-cp37m-manylinux2014_aarch64.whl", hash = "sha256:18e25e0afe1cf0f62781a150c1454b2113785401ba285c745acf10c8ca8917df"},
    {file = "regex-2021.3.17-cp37-cp37m-manylinux2014_i686.whl", hash = "sha256:a2ee026f4156789df8644d23ef423e6194fad0bc53575534101bb1de5d67e8ce"},
    {file = "regex-2021.3.17-cp37-cp37m-manylinux2014_x86_64.whl", hash = "sha256:4c0788010a93ace8a174d73e7c6c9d3e6e3b7ad99a453c8ee8c975ddd9965643"},
    {file = "regex-2021.3.17-cp37-cp37m-win32.whl", hash = "sha256:575a832e09d237ae5fedb825a7a5bc6a116090dd57d6417d4f3b75121c73e3be"},
    {file = "regex-2021.3.17-cp37-cp37m-win_amd64.whl", hash = "sha256:8e65e3e4c6feadf6770e2ad89ad3deb524bcb03d8dc679f381d0568c024e0deb"},
    {file = "regex-2021.3.17-cp38-cp38-macosx_10_9_x86_64.whl", hash = "sha256:a0df9a0ad2aad49ea3c7f65edd2ffb3d5c59589b85992a6006354f6fb109bb18"},
    {file = "regex-2021.3.17-cp38-cp38-manylinux1_i686.whl", hash = "sha256:b98bc9db003f1079caf07b610377ed1ac2e2c11acc2bea4892e28cc5b509d8d5"},
    {file = "regex-2021.3.17-cp38-cp38-manylinux1_x86_64.whl", hash = "sha256:808404898e9a765e4058bf3d7607d0629000e0a14a6782ccbb089296b76fa8fe"},
    {file = "regex-2021.3.17-cp38-cp38-manylinux2010_i686.whl", hash = "sha256:5770a51180d85ea468234bc7987f5597803a4c3d7463e7323322fe4a1b181578"},
    {file = "regex-2021.3.17-cp38-cp38-manylinux2010_x86_64.whl", hash = "sha256:976a54d44fd043d958a69b18705a910a8376196c6b6ee5f2596ffc11bff4420d"},
    {file = "regex-2021.3.17-cp38-cp38-manylinux2014_aarch64.whl", hash = "sha256:63f3ca8451e5ff7133ffbec9eda641aeab2001be1a01878990f6c87e3c44b9d5"},
    {file = "regex-2021.3.17-cp38-cp38-manylinux2014_i686.whl", hash = "sha256:bcd945175c29a672f13fce13a11893556cd440e37c1b643d6eeab1988c8b209c"},
    {file = "regex-2021.3.17-cp38-cp38-manylinux2014_x86_64.whl", hash = "sha256:3d9356add82cff75413bec360c1eca3e58db4a9f5dafa1f19650958a81e3249d"},
    {file = "regex-2021.3.17-cp38-cp38-win32.whl", hash = "sha256:f5d0c921c99297354cecc5a416ee4280bd3f20fd81b9fb671ca6be71499c3fdf"},
    {file = "regex-2021.3.17-cp38-cp38-win_amd64.whl", hash = "sha256:14de88eda0976020528efc92d0a1f8830e2fb0de2ae6005a6fc4e062553031fa"},
    {file = "regex-2021.3.17-cp39-cp39-macosx_10_9_x86_64.whl", hash = "sha256:4c2e364491406b7888c2ad4428245fc56c327e34a5dfe58fd40df272b3c3dab3"},
    {file = "regex-2021.3.17-cp39-cp39-manylinux1_i686.whl", hash = "sha256:8bd4f91f3fb1c9b1380d6894bd5b4a519409135bec14c0c80151e58394a4e88a"},
    {file = "regex-2021.3.17-cp39-cp39-manylinux1_x86_64.whl", hash = "sha256:882f53afe31ef0425b405a3f601c0009b44206ea7f55ee1c606aad3cc213a52c"},
    {file = "regex-2021.3.17-cp39-cp39-manylinux2010_i686.whl", hash = "sha256:07ef35301b4484bce843831e7039a84e19d8d33b3f8b2f9aab86c376813d0139"},
    {file = "regex-2021.3.17-cp39-cp39-manylinux2010_x86_64.whl", hash = "sha256:360a01b5fa2ad35b3113ae0c07fb544ad180603fa3b1f074f52d98c1096fa15e"},
    {file = "regex-2021.3.17-cp39-cp39-manylinux2014_aarch64.whl", hash = "sha256:709f65bb2fa9825f09892617d01246002097f8f9b6dde8d1bb4083cf554701ba"},
    {file = "regex-2021.3.17-cp39-cp39-manylinux2014_i686.whl", hash = "sha256:c66221e947d7207457f8b6f42b12f613b09efa9669f65a587a2a71f6a0e4d106"},
    {file = "regex-2021.3.17-cp39-cp39-manylinux2014_x86_64.whl", hash = "sha256:c782da0e45aff131f0bed6e66fbcfa589ff2862fc719b83a88640daa01a5aff7"},
    {file = "regex-2021.3.17-cp39-cp39-win32.whl", hash = "sha256:dc9963aacb7da5177e40874585d7407c0f93fb9d7518ec58b86e562f633f36cd"},
    {file = "regex-2021.3.17-cp39-cp39-win_amd64.whl", hash = "sha256:a0d04128e005142260de3733591ddf476e4902c0c23c1af237d9acf3c96e1b38"},
    {file = "regex-2021.3.17.tar.gz", hash = "sha256:4b8a1fb724904139149a43e172850f35aa6ea97fb0545244dc0b805e0154ed68"},
]
s3transfer = [
    {file = "s3transfer-0.3.5-py2.py3-none-any.whl", hash = "sha256:2db91129803fa023bc71c16d106acac52c43409477a777910ae61a8279b4ee73"},
    {file = "s3transfer-0.3.5.tar.gz", hash = "sha256:59867fd9482a3e2cf3179051b5a3e03051c78047c967e89d57a3ec41b058a980"},
]
six = [
    {file = "six-1.15.0-py2.py3-none-any.whl", hash = "sha256:8b74bedcbbbaca38ff6d7491d76f2b06b3592611af620f8426e82dddb04a5ced"},
    {file = "six-1.15.0.tar.gz", hash = "sha256:30639c035cdb23534cd4aa2dd52c3bf48f06e5f4a941509c8bafd8ce11080259"},
]
toml = [
    {file = "toml-0.10.2-py2.py3-none-any.whl", hash = "sha256:806143ae5bfb6a3c6e736a764057db0e6a0e05e338b5630894a5f779cabb4f9b"},
    {file = "toml-0.10.2.tar.gz", hash = "sha256:b3bda1d108d5dd99f4a20d24d9c348e91c4db7ab1b749200bded2f839ccbe68f"},
]
typed-ast = [
    {file = "typed_ast-1.4.2-cp35-cp35m-manylinux1_i686.whl", hash = "sha256:7703620125e4fb79b64aa52427ec192822e9f45d37d4b6625ab37ef403e1df70"},
    {file = "typed_ast-1.4.2-cp35-cp35m-manylinux1_x86_64.whl", hash = "sha256:c9aadc4924d4b5799112837b226160428524a9a45f830e0d0f184b19e4090487"},
    {file = "typed_ast-1.4.2-cp35-cp35m-manylinux2014_aarch64.whl", hash = "sha256:9ec45db0c766f196ae629e509f059ff05fc3148f9ffd28f3cfe75d4afb485412"},
    {file = "typed_ast-1.4.2-cp35-cp35m-win32.whl", hash = "sha256:85f95aa97a35bdb2f2f7d10ec5bbdac0aeb9dafdaf88e17492da0504de2e6400"},
    {file = "typed_ast-1.4.2-cp35-cp35m-win_amd64.whl", hash = "sha256:9044ef2df88d7f33692ae3f18d3be63dec69c4fb1b5a4a9ac950f9b4ba571606"},
    {file = "typed_ast-1.4.2-cp36-cp36m-macosx_10_9_x86_64.whl", hash = "sha256:c1c876fd795b36126f773db9cbb393f19808edd2637e00fd6caba0e25f2c7b64"},
    {file = "typed_ast-1.4.2-cp36-cp36m-manylinux1_i686.whl", hash = "sha256:5dcfc2e264bd8a1db8b11a892bd1647154ce03eeba94b461effe68790d8b8e07"},
    {file = "typed_ast-1.4.2-cp36-cp36m-manylinux1_x86_64.whl", hash = "sha256:8db0e856712f79c45956da0c9a40ca4246abc3485ae0d7ecc86a20f5e4c09abc"},
    {file = "typed_ast-1.4.2-cp36-cp36m-manylinux2014_aarch64.whl", hash = "sha256:d003156bb6a59cda9050e983441b7fa2487f7800d76bdc065566b7d728b4581a"},
    {file = "typed_ast-1.4.2-cp36-cp36m-win32.whl", hash = "sha256:4c790331247081ea7c632a76d5b2a265e6d325ecd3179d06e9cf8d46d90dd151"},
    {file = "typed_ast-1.4.2-cp36-cp36m-win_amd64.whl", hash = "sha256:d175297e9533d8d37437abc14e8a83cbc68af93cc9c1c59c2c292ec59a0697a3"},
    {file = "typed_ast-1.4.2-cp37-cp37m-macosx_10_9_x86_64.whl", hash = "sha256:cf54cfa843f297991b7388c281cb3855d911137223c6b6d2dd82a47ae5125a41"},
    {file = "typed_ast-1.4.2-cp37-cp37m-manylinux1_i686.whl", hash = "sha256:b4fcdcfa302538f70929eb7b392f536a237cbe2ed9cba88e3bf5027b39f5f77f"},
    {file = "typed_ast-1.4.2-cp37-cp37m-manylinux1_x86_64.whl", hash = "sha256:987f15737aba2ab5f3928c617ccf1ce412e2e321c77ab16ca5a293e7bbffd581"},
    {file = "typed_ast-1.4.2-cp37-cp37m-manylinux2014_aarch64.whl", hash = "sha256:37f48d46d733d57cc70fd5f30572d11ab8ed92da6e6b28e024e4a3edfb456e37"},
    {file = "typed_ast-1.4.2-cp37-cp37m-win32.whl", hash = "sha256:36d829b31ab67d6fcb30e185ec996e1f72b892255a745d3a82138c97d21ed1cd"},
    {file = "typed_ast-1.4.2-cp37-cp37m-win_amd64.whl", hash = "sha256:8368f83e93c7156ccd40e49a783a6a6850ca25b556c0fa0240ed0f659d2fe496"},
    {file = "typed_ast-1.4.2-cp38-cp38-macosx_10_9_x86_64.whl", hash = "sha256:963c80b583b0661918718b095e02303d8078950b26cc00b5e5ea9ababe0de1fc"},
    {file = "typed_ast-1.4.2-cp38-cp38-manylinux1_i686.whl", hash = "sha256:e683e409e5c45d5c9082dc1daf13f6374300806240719f95dc783d1fc942af10"},
    {file = "typed_ast-1.4.2-cp38-cp38-manylinux1_x86_64.whl", hash = "sha256:84aa6223d71012c68d577c83f4e7db50d11d6b1399a9c779046d75e24bed74ea"},
    {file = "typed_ast-1.4.2-cp38-cp38-manylinux2014_aarch64.whl", hash = "sha256:a38878a223bdd37c9709d07cd357bb79f4c760b29210e14ad0fb395294583787"},
    {file = "typed_ast-1.4.2-cp38-cp38-win32.whl", hash = "sha256:a2c927c49f2029291fbabd673d51a2180038f8cd5a5b2f290f78c4516be48be2"},
    {file = "typed_ast-1.4.2-cp38-cp38-win_amd64.whl", hash = "sha256:c0c74e5579af4b977c8b932f40a5464764b2f86681327410aa028a22d2f54937"},
    {file = "typed_ast-1.4.2-cp39-cp39-macosx_10_9_x86_64.whl", hash = "sha256:07d49388d5bf7e863f7fa2f124b1b1d89d8aa0e2f7812faff0a5658c01c59aa1"},
    {file = "typed_ast-1.4.2-cp39-cp39-manylinux1_i686.whl", hash = "sha256:240296b27397e4e37874abb1df2a608a92df85cf3e2a04d0d4d61055c8305ba6"},
    {file = "typed_ast-1.4.2-cp39-cp39-manylinux1_x86_64.whl", hash = "sha256:d746a437cdbca200622385305aedd9aef68e8a645e385cc483bdc5e488f07166"},
    {file = "typed_ast-1.4.2-cp39-cp39-manylinux2014_aarch64.whl", hash = "sha256:14bf1522cdee369e8f5581238edac09150c765ec1cb33615855889cf33dcb92d"},
    {file = "typed_ast-1.4.2-cp39-cp39-win32.whl", hash = "sha256:cc7b98bf58167b7f2db91a4327da24fb93368838eb84a44c472283778fc2446b"},
    {file = "typed_ast-1.4.2-cp39-cp39-win_amd64.whl", hash = "sha256:7147e2a76c75f0f64c4319886e7639e490fee87c9d25cb1d4faef1d8cf83a440"},
    {file = "typed_ast-1.4.2.tar.gz", hash = "sha256:9fc0b3cb5d1720e7141d103cf4819aea239f7d136acf9ee4a69b047b7986175a"},
]
typing-extensions = [
    {file = "typing_extensions-3.7.4.3-py2-none-any.whl", hash = "sha256:dafc7639cde7f1b6e1acc0f457842a83e722ccca8eef5270af2d74792619a89f"},
    {file = "typing_extensions-3.7.4.3-py3-none-any.whl", hash = "sha256:7cb407020f00f7bfc3cb3e7881628838e69d8f3fcab2f64742a5e76b2f841918"},
    {file = "typing_extensions-3.7.4.3.tar.gz", hash = "sha256:99d4073b617d30288f569d3f13d2bd7548c3a7e4c8de87db09a9d29bb3a4a60c"},
]
urllib3 = [
    {file = "urllib3-1.26.4-py2.py3-none-any.whl", hash = "sha256:2f4da4594db7e1e110a944bb1b551fdf4e6c136ad42e4234131391e21eb5b0df"},
    {file = "urllib3-1.26.4.tar.gz", hash = "sha256:e7b021f7241115872f92f43c6508082facffbd1c048e3c6e2bb9c2a157e28937"},
]
